
Microsoft Visual Studio Solution File, Format Version 12.00
# Visual Studio 15
VisualStudioVersion = 15.0.28307.1259
MinimumVisualStudioVersion = 10.0.40219.1
Project("{9A19103F-16F7-4668-BE54-9A1E7A4F7556}") = "Rcky_crud", "Rcky_crud\Rcky_crud.csproj", "{BAAADD95-4FDE-4402-8FC7-39368DF64E9B}"
EndProject
Global
	GlobalSection(SolutionConfigurationPlatforms) = preSolution
		Debug|Any CPU = Debug|Any CPU
		Release|Any CPU = Release|Any CPU
	EndGlobalSection
	GlobalSection(ProjectConfigurationPlatforms) = postSolution
		{BAAADD95-4FDE-4402-8FC7-39368DF64E9B}.Debug|Any CPU.ActiveCfg = Debug|Any CPU
		{BAAADD95-4FDE-4402-8FC7-39368DF64E9B}.Debug|Any CPU.Build.0 = Debug|Any CPU
		{BAAADD95-4FDE-4402-8FC7-39368DF64E9B}.Release|Any CPU.ActiveCfg = Release|Any CPU
		{BAAADD95-4FDE-4402-8FC7-39368DF64E9B}.Release|Any CPU.Build.0 = Release|Any CPU
	EndGlobalSection
	GlobalSection(SolutionProperties) = preSolution
		HideSolutionNode = FALSE
	EndGlobalSection
	GlobalSection(ExtensibilityGlobals) = postSolution
		SolutionGuid = {D2E96A02-C6C9-4AA7-8BB8-3AE4BCB7A9A1}
	EndGlobalSection
EndGlobal
